// !$*UTF8*$!
{
	archiveVersion = 1;
	classes = {
	};
	objectVersion = 46;
	objects = {

/* Begin PBXBuildFile section */
		62A42F641B34CDFE00A2E194 /* AppDelegate.swift in Sources */ = {isa = PBXBuildFile; fileRef = 62A42F631B34CDFE00A2E194 /* AppDelegate.swift */; };
		62A42F661B34CDFE00A2E194 /* FirstViewController.swift in Sources */ = {isa = PBXBuildFile; fileRef = 62A42F651B34CDFE00A2E194 /* FirstViewController.swift */; };
		62A42F681B34CDFE00A2E194 /* SecondViewController.swift in Sources */ = {isa = PBXBuildFile; fileRef = 62A42F671B34CDFE00A2E194 /* SecondViewController.swift */; };
		62A42F6B1B34CDFE00A2E194 /* Main.storyboard in Resources */ = {isa = PBXBuildFile; fileRef = 62A42F691B34CDFE00A2E194 /* Main.storyboard */; };
		62A42F6D1B34CDFE00A2E194 /* Images.xcassets in Resources */ = {isa = PBXBuildFile; fileRef = 62A42F6C1B34CDFE00A2E194 /* Images.xcassets */; };
		62A42F701B34CDFE00A2E194 /* LaunchScreen.xib in Resources */ = {isa = PBXBuildFile; fileRef = 62A42F6E1B34CDFE00A2E194 /* LaunchScreen.xib */; };
		62A42F7C1B34CDFE00A2E194 /* __Tests.swift in Sources */ = {isa = PBXBuildFile; fileRef = 62A42F7B1B34CDFE00A2E194 /* __Tests.swift */; };
/* End PBXBuildFile section */

/* Begin PBXContainerItemProxy section */
		62A42F761B34CDFE00A2E194 /* PBXContainerItemProxy */ = {
			isa = PBXContainerItemProxy;
			containerPortal = 62A42F561B34CDFE00A2E194 /* Project object */;
			proxyType = 1;
			remoteGlobalIDString = 62A42F5D1B34CDFE00A2E194;
			remoteInfo = "记账";
		};
/* End PBXContainerItemProxy section */

/* Begin PBXFileReference section */
		62A42F5E1B34CDFE00A2E194 /* 记账.app */ = {isa = PBXFileReference; explicitFileType = wrapper.application; includeInIndex = 0; path = "记账.app"; sourceTree = BUILT_PRODUCTS_DIR; };
		62A42F621B34CDFE00A2E194 /* Info.plist */ = {isa = PBXFileReference; lastKnownFileType = text.plist.xml; path = Info.plist; sourceTree = "<group>"; };
		62A42F631B34CDFE00A2E194 /* AppDelegate.swift */ = {isa = PBXFileReference; lastKnownFileType = sourcecode.swift; path = AppDelegate.swift; sourceTree = "<group>"; };
		62A42F651B34CDFE00A2E194 /* FirstViewController.swift */ = {isa = PBXFileReference; lastKnownFileType = sourcecode.swift; path = FirstViewController.swift; sourceTree = "<group>"; };
		62A42F671B34CDFE00A2E194 /* SecondViewController.swift */ = {isa = PBXFileReference; lastKnownFileType = sourcecode.swift; path = SecondViewController.swift; sourceTree = "<group>"; };
		62A42F6A1B34CDFE00A2E194 /* Base */ = {isa = PBXFileReference; lastKnownFileType = file.storyboard; name = Base; path = Base.lproj/Main.storyboard; sourceTree = "<group>"; };
		62A42F6C1B34CDFE00A2E194 /* Images.xcassets */ = {isa = PBXFileReference; lastKnownFileType = folder.assetcatalog; path = Images.xcassets; sourceTree = "<group>"; };
		62A42F6F1B34CDFE00A2E194 /* Base */ = {isa = PBXFileReference; lastKnownFileType = file.xib; name = Base; path = Base.lproj/LaunchScreen.xib; sourceTree = "<group>"; };
		62A42F751B34CDFE00A2E194 /* 记账Tests.xctest */ = {isa = PBXFileReference; explicitFileType = wrapper.cfbundle; includeInIndex = 0; path = "记账Tests.xctest"; sourceTree = BUILT_PRODUCTS_DIR; };
		62A42F7A1B34CDFE00A2E194 /* Info.plist */ = {isa = PBXFileReference; lastKnownFileType = text.plist.xml; path = Info.plist; sourceTree = "<group>"; };
		62A42F7B1B34CDFE00A2E194 /* __Tests.swift */ = {isa = PBXFileReference; lastKnownFileType = sourcecode.swift; path = __Tests.swift; sourceTree = "<group>"; };
/* End PBXFileReference section */

/* Begin PBXFrameworksBuildPhase section */
		62A42F5B1B34CDFE00A2E194 /* Frameworks */ = {
			isa = PBXFrameworksBuildPhase;
			buildActionMask = 2147483647;
			files = (
			);
			runOnlyForDeploymentPostprocessing = 0;
		};
		62A42F721B34CDFE00A2E194 /* Frameworks */ = {
			isa = PBXFrameworksBuildPhase;
			buildActionMask = 2147483647;
			files = (
			);
			runOnlyForDeploymentPostprocessing = 0;
		};
/* End PBXFrameworksBuildPhase section */

/* Begin PBXGroup section */
		62A42F551B34CDFE00A2E194 = {
			isa = PBXGroup;
			children = (
				62A42F601B34CDFE00A2E194 /* 记账 */,
				62A42F781B34CDFE00A2E194 /* 记账Tests */,
				62A42F5F1B34CDFE00A2E194 /* Products */,
			);
			sourceTree = "<group>";
		};
		62A42F5F1B34CDFE00A2E194 /* Products */ = {
			isa = PBXGroup;
			children = (
				62A42F5E1B34CDFE00A2E194 /* 记账.app */,
				62A42F751B34CDFE00A2E194 /* 记账Tests.xctest */,
			);
			name = Products;
			sourceTree = "<group>";
		};
		62A42F601B34CDFE00A2E194 /* 记账 */ = {
			isa = PBXGroup;
			children = (
				62A42F631B34CDFE00A2E194 /* AppDelegate.swift */,
				62A42F651B34CDFE00A2E194 /* FirstViewController.swift */,
				62A42F671B34CDFE00A2E194 /* SecondViewController.swift */,
				62A42F691B34CDFE00A2E194 /* Main.storyboard */,
				62A42F6C1B34CDFE00A2E194 /* Images.xcassets */,
				62A42F6E1B34CDFE00A2E194 /* LaunchScreen.xib */,
				62A42F611B34CDFE00A2E194 /* Supporting Files */,
			);
			path = "记账";
			sourceTree = "<group>";
		};
		62A42F611B34CDFE00A2E194 /* Supporting Files */ = {
			isa = PBXGroup;
			children = (
				62A42F621B34CDFE00A2E194 /* Info.plist */,
			);
			name = "Supporting Files";
			sourceTree = "<group>";
		};
		62A42F781B34CDFE00A2E194 /* 记账Tests */ = {
			isa = PBXGroup;
			children = (
				62A42F7B1B34CDFE00A2E194 /* __Tests.swift */,
				62A42F791B34CDFE00A2E194 /* Supporting Files */,
			);
			path = "记账Tests";
			sourceTree = "<group>";
		};
		62A42F791B34CDFE00A2E194 /* Supporting Files */ = {
			isa = PBXGroup;
			children = (
				62A42F7A1B34CDFE00A2E194 /* Info.plist */,
			);
			name = "Supporting Files";
			sourceTree = "<group>";
		};
/* End PBXGroup section */

/* Begin PBXNativeTarget section */
		62A42F5D1B34CDFE00A2E194 /* 记账 */ = {
			isa = PBXNativeTarget;
			buildConfigurationList = 62A42F7F1B34CDFE00A2E194 /* Build configuration list for PBXNativeTarget "记账" */;
			buildPhases = (
				62A42F5A1B34CDFE00A2E194 /* Sources */,
				62A42F5B1B34CDFE00A2E194 /* Frameworks */,
				62A42F5C1B34CDFE00A2E194 /* Resources */,
			);
			buildRules = (
			);
			dependencies = (
			);
			name = "记账";
			productName = "记账";
			productReference = 62A42F5E1B34CDFE00A2E194 /* 记账.app */;
			productType = "com.apple.product-type.application";
		};
		62A42F741B34CDFE00A2E194 /* 记账Tests */ = {
			isa = PBXNativeTarget;
			buildConfigurationList = 62A42F821B34CDFE00A2E194 /* Build configuration list for PBXNativeTarget "记账Tests" */;
			buildPhases = (
				62A42F711B34CDFE00A2E194 /* Sources */,
				62A42F721B34CDFE00A2E194 /* Frameworks */,
				62A42F731B34CDFE00A2E194 /* Resources */,
			);
			buildRules = (
			);
			dependencies = (
				62A42F771B34CDFE00A2E194 /* PBXTargetDependency */,
			);
			name = "记账Tests";
			productName = "记账Tests";
			productReference = 62A42F751B34CDFE00A2E194 /* 记账Tests.xctest */;
			productType = "com.apple.product-type.bundle.unit-test";
		};
/* End PBXNativeTarget section */

/* Begin PBXProject section */
		62A42F561B34CDFE00A2E194 /* Project object */ = {
			isa = PBXProject;
			attributes = {
				LastUpgradeCheck = 0630;
				ORGANIZATIONNAME = "刘炳辰";
				TargetAttributes = {
					62A42F5D1B34CDFE00A2E194 = {
						CreatedOnToolsVersion = 6.3.2;
					};
					62A42F741B34CDFE00A2E194 = {
						CreatedOnToolsVersion = 6.3.2;
						TestTargetID = 62A42F5D1B34CDFE00A2E194;
					};
				};
			};
			buildConfigurationList = 62A42F591B34CDFE00A2E194 /* Build configuration list for PBXProject "记账" */;
			compatibilityVersion = "Xcode 3.2";
			developmentRegion = English;
			hasScannedForEncodings = 0;
			knownRegions = (
				en,
				Base,
			);
			mainGroup = 62A42F551B34CDFE00A2E194;
			productRefGroup = 62A42F5F1B34CDFE00A2E194 /* Products */;
			projectDirPath = "";
			projectRoot = "";
			targets = (
				62A42F5D1B34CDFE00A2E194 /* 记账 */,
				62A42F741B34CDFE00A2E194 /* 记账Tests */,
			);
		};
/* End PBXProject section */

/* Begin PBXResourcesBuildPhase section */
		62A42F5C1B34CDFE00A2E194 /* Resources */ = {
			isa = PBXResourcesBuildPhase;
			buildActionMask = 2147483647;
			files = (
				62A42F6B1B34CDFE00A2E194 /* Main.storyboard in Resources */,
				62A42F701B34CDFE00A2E194 /* LaunchScreen.xib in Resources */,
				62A42F6D1B34CDFE00A2E194 /* Images.xcassets in Resources */,
			);
			runOnlyForDeploymentPostprocessing = 0;
		};
		62A42F731B34CDFE00A2E194 /* Resources */ = {
			isa = PBXResourcesBuildPhase;
			buildActionMask = 2147483647;
			files = (
			);
			runOnlyForDeploymentPostprocessing = 0;
		};
/* End PBXResourcesBuildPhase section */

/* Begin PBXSourcesBuildPhase section */
		62A42F5A1B34CDFE00A2E194 /* Sources */ = {
			isa = PBXSourcesBuildPhase;
			buildActionMask = 2147483647;
			files = (
				62A42F681B34CDFE00A2E194 /* SecondViewController.swift in Sources */,
				62A42F641B34CDFE00A2E194 /* AppDelegate.swift in Sources */,
				62A42F661B34CDFE00A2E194 /* FirstViewController.swift in Sources */,
			);
			runOnlyForDeploymentPostprocessing = 0;
		};
		62A42F711B34CDFE00A2E194 /* Sources */ = {
			isa = PBXSourcesBuildPhase;
			buildActionMask = 2147483647;
			files = (
				62A42F7C1B34CDFE00A2E194 /* __Tests.swift in Sources */,
			);
			runOnlyForDeploymentPostprocessing = 0;
		};
/* End PBXSourcesBuildPhase section */

/* Begin PBXTargetDependency section */
		62A42F771B34CDFE00A2E194 /* PBXTargetDependency */ = {
			isa = PBXTargetDependency;
			target = 62A42F5D1B34CDFE00A2E194 /* 记账 */;
			targetProxy = 62A42F761B34CDFE00A2E194 /* PBXContainerItemProxy */;
		};
/* End PBXTargetDependency section */

/* Begin PBXVariantGroup section */
		62A42F691B34CDFE00A2E194 /* Main.storyboard */ = {
			isa = PBXVariantGroup;
			children = (
				62A42F6A1B34CDFE00A2E194 /* Base */,
			);
			name = Main.storyboard;
			sourceTree = "<group>";
		};
		62A42F6E1B34CDFE00A2E194 /* LaunchScreen.xib */ = {
			isa = PBXVariantGroup;
			children = (
				62A42F6F1B34CDFE00A2E194 /* Base */,
			);
			name = LaunchScreen.xib;
			sourceTree = "<group>";
		};
/* End PBXVariantGroup section */

/* Begin XCBuildConfiguration section */
		62A42F7D1B34CDFE00A2E194 /* Debug */ = {
			isa = XCBuildConfiguration;
			buildSettings = {
				ALWAYS_SEARCH_USER_PATHS = NO;
				CLANG_CXX_LANGUAGE_STANDARD = "gnu++0x";
				CLANG_CXX_LIBRARY = "libc++";
				CLANG_ENABLE_MODULES = YES;
				CLANG_ENABLE_OBJC_ARC = YES;
				CLANG_WARN_BOOL_CONVERSION = YES;
				CLANG_WARN_CONSTANT_CONVERSION = YES;
				CLANG_WARN_DIRECT_OBJC_ISA_USAGE = YES_ERROR;
				CLANG_WARN_EMPTY_BODY = YES;
				CLANG_WARN_ENUM_CONVERSION = YES;
				CLANG_WARN_INT_CONVERSION = YES;
				CLANG_WARN_OBJC_ROOT_CLASS = YES_ERROR;
				CLANG_WARN_UNREACHABLE_CODE = YES;
				CLANG_WARN__DUPLICATE_METHOD_MATCH = YES;
				"CODE_SIGN_IDENTITY[sdk=iphoneos*]" = "iPhone Developer";
				COPY_PHASE_STRIP = NO;
				DEBUG_INFORMATION_FORMAT = "dwarf-with-dsym";
				ENABLE_STRICT_OBJC_MSGSEND = YES;
				GCC_C_LANGUAGE_STANDARD = gnu99;
				GCC_DYNAMIC_NO_PIC = NO;
				GCC_NO_COMMON_BLOCKS = YES;
				GCC_OPTIMIZATION_LEVEL = 0;
				GCC_PREPROCESSOR_DEFINITIONS = (
					"DEBUG=1",
					"$(inherited)",
				);
				GCC_SYMBOLS_PRIVATE_EXTERN = NO;
				GCC_WARN_64_TO_32_BIT_CONVERSION = YES;
				GCC_WARN_ABOUT_RETURN_TYPE = YES_ERROR;
				GCC_WARN_UNDECLARED_SELECTOR = YES;
				GCC_WARN_UNINITIALIZED_AUTOS = YES_AGGRESSIVE;
				GCC_WARN_UNUSED_FUNCTION = YES;
				GCC_WARN_UNUSED_VARIABLE = YES;
				IPHONEOS_DEPLOYMENT_TARGET = 8.3;
				MTL_ENABLE_DEBUG_INFO = YES;
				ONLY_ACTIVE_ARCH = YES;
				SDKROOT = iphoneos;
				SWIFT_OPTIMIZATION_LEVEL = "-Onone";
				TARGETED_DEVICE_FAMILY = "1,2";
			};
			name = Debug;
		};
		62A42F7E1B34CDFE00A2E194 /* Release */ = {
			isa = XCBuildConfiguration;
			buildSettings = {
				ALWAYS_SEARCH_USER_PATHS = NO;
				CLANG_CXX_LANGUAGE_STANDARD = "gnu++0x";
				CLANG_CXX_LIBRARY = "libc++";
				CLANG_ENABLE_MODULES = YES;
				CLANG_ENABLE_OBJC_ARC = YES;
				CLANG_WARN_BOOL_CONVERSION = YES;
				CLANG_WARN_CONSTANT_CONVERSION = YES;
				CLANG_WARN_DIRECT_OBJC_ISA_USAGE = YES_ERROR;
				CLANG_WARN_EMPTY_BODY = YES;
				CLANG_WARN_ENUM_CONVERSION = YES;
				CLANG_WARN_INT_CONVERSION = YES;
				CLANG_WARN_OBJC_ROOT_CLASS = YES_ERROR;
				CLANG_WARN_UNREACHABLE_CODE = YES;
				CLANG_WARN__DUPLICATE_METHOD_MATCH = YES;
				"CODE_SIGN_IDENTITY[sdk=iphoneos*]" = "iPhone Developer";
				COPY_PHASE_STRIP = NO;
				DEBUG_INFORMATION_FORMAT = "dwarf-with-dsym";
				ENABLE_NS_ASSERTIONS = NO;
				ENABLE_STRICT_OBJC_MSGSEND = YES;
				GCC_C_LANGUAGE_STANDARD = gnu99;
				GCC_NO_COMMON_BLOCKS = YES;
				GCC_WARN_64_TO_32_BIT_CONVERSION = YES;
				GCC_WARN_ABOUT_RETURN_TYPE = YES_ERROR;
				GCC_WARN_UNDECLARED_SELECTOR = YES;
				GCC_WARN_UNINITIALIZED_AUTOS = YES_AGGRESSIVE;
				GCC_WARN_UNUSED_FUNCTION = YES;
				GCC_WARN_UNUSED_VARIABLE = YES;
				IPHONEOS_DEPLOYMENT_TARGET = 8.3;
				MTL_ENABLE_DEBUG_INFO = NO;
				SDKROOT = iphoneos;
				TARGETED_DEVICE_FAMILY = "1,2";
				VALIDATE_PRODUCT = YES;
			};
			name = Release;
		};
		62A42F801B34CDFE00A2E194 /* Debug */ = {
			isa = XCBuildConfiguration;
			buildSettings = {
				ASSETCATALOG_COMPILER_APPICON_NAME = AppIcon;
				INFOPLIST_FILE = "记账/Info.plist";
				LD_RUNPATH_SEARCH_PATHS = "$(inherited) @executable_path/Frameworks";
				PRODUCT_NAME = "$(TARGET_NAME)";
			};
			name = Debug;
		};
		62A42F811B34CDFE00A2E194 /* Release */ = {
			isa = XCBuildConfiguration;
			buildSettings = {
				ASSETCATALOG_COMPILER_APPICON_NAME = AppIcon;
				INFOPLIST_FILE = "记账/Info.plist";
				LD_RUNPATH_SEARCH_PATHS = "$(inherited) @executable_path/Frameworks";
				PRODUCT_NAME = "$(TARGET_NAME)";
			};
			name = Release;
		};
		62A42F831B34CDFE00A2E194 /* Debug */ = {
			isa = XCBuildConfiguration;
			buildSettings = {
				BUNDLE_LOADER = "$(TEST_HOST)";
				FRAMEWORK_SEARCH_PATHS = (
					"$(SDKROOT)/Developer/Library/Frameworks",
					"$(inherited)",
				);
				GCC_PREPROCESSOR_DEFINITIONS = (
					"DEBUG=1",
					"$(inherited)",
				);
				INFOPLIST_FILE = "记账Tests/Info.plist";
				LD_RUNPATH_SEARCH_PATHS = "$(inherited) @executable_path/Frameworks @loader_path/Frameworks";
				PRODUCT_NAME = "$(TARGET_NAME)";
				TEST_HOST = "$(BUILT_PRODUCTS_DIR)/记账.app/记账";
			};
			name = Debug;
		};
		62A42F841B34CDFE00A2E194 /* Release */ = {
			isa = XCBuildConfiguration;
			buildSettings = {
				BUNDLE_LOADER = "$(TEST_HOST)";
				FRAMEWORK_SEARCH_PATHS = (
					"$(SDKROOT)/Developer/Library/Frameworks",
					"$(inherited)",
				);
				INFOPLIST_FILE = "记账Tests/Info.plist";
				LD_RUNPATH_SEARCH_PATHS = "$(inherited) @executable_path/Frameworks @loader_path/Frameworks";
				PRODUCT_NAME = "$(TARGET_NAME)";
				TEST_HOST = "$(BUILT_PRODUCTS_DIR)/记账.app/记账";
			};
			name = Release;
		};
/* End XCBuildConfiguration section */

/* Begin XCConfigurationList section */
		62A42F591B34CDFE00A2E194 /* Build configuration list for PBXProject "记账" */ = {
			isa = XCConfigurationList;
			buildConfigurations = (
				62A42F7D1B34CDFE00A2E194 /* Debug */,
				62A42F7E1B34CDFE00A2E194 /* Release */,
			);
			defaultConfigurationIsVisible = 0;
			defaultConfigurationName = Release;
		};
		62A42F7F1B34CDFE00A2E194 /* Build configuration list for PBXNativeTarget "记账" */ = {
			isa = XCConfigurationList;
			buildConfigurations = (
				62A42F801B34CDFE00A2E194 /* Debug */,
				62A42F811B34CDFE00A2E194 /* Release */,
			);
			defaultConfigurationIsVisible = 0;
		};
		62A42F821B34CDFE00A2E194 /* Build configuration list for PBXNativeTarget "记账Tests" */ = {
			isa = XCConfigurationList;
			buildConfigurations = (
				62A42F831B34CDFE00A2E194 /* Debug */,
				62A42F841B34CDFE00A2E194 /* Release */,
			);
			defaultConfigurationIsVisible = 0;
		};
/* End XCConfigurationList section */
	};
	rootObject = 62A42F561B34CDFE00A2E194 /* Project object */;
}
