// !$*UTF8*$!
{
	archiveVersion = 1;
	classes = {
	};
	objectVersion = 46;
	objects = {

/* Begin PBXBuildFile section */
		6230164D1B38D41F0025E726 /* Bolts.framework in Frameworks */ = {isa = PBXBuildFile; fileRef = 623016471B38D41F0025E726 /* Bolts.framework */; };
		6230164E1B38D41F0025E726 /* Parse.framework in Frameworks */ = {isa = PBXBuildFile; fileRef = 623016481B38D41F0025E726 /* Parse.framework */; };
		6230164F1B38D41F0025E726 /* ParseCrashReporting.framework in Frameworks */ = {isa = PBXBuildFile; fileRef = 623016491B38D41F0025E726 /* ParseCrashReporting.framework */; };
		623016501B38D41F0025E726 /* ParseFacebookUtils.framework in Frameworks */ = {isa = PBXBuildFile; fileRef = 6230164A1B38D41F0025E726 /* ParseFacebookUtils.framework */; };
		623016511B38D41F0025E726 /* ParseFacebookUtilsV4.framework in Frameworks */ = {isa = PBXBuildFile; fileRef = 6230164B1B38D41F0025E726 /* ParseFacebookUtilsV4.framework */; };
		623016521B38D41F0025E726 /* ParseUI.framework in Frameworks */ = {isa = PBXBuildFile; fileRef = 6230164C1B38D41F0025E726 /* ParseUI.framework */; };
		623016541B38D46B0025E726 /* AudioToolbox.framework in Frameworks */ = {isa = PBXBuildFile; fileRef = 623016531B38D46B0025E726 /* AudioToolbox.framework */; };
		623016561B38D4740025E726 /* CFNetwork.framework in Frameworks */ = {isa = PBXBuildFile; fileRef = 623016551B38D4740025E726 /* CFNetwork.framework */; };
		623016581B38D47D0025E726 /* CoreGraphics.framework in Frameworks */ = {isa = PBXBuildFile; fileRef = 623016571B38D47D0025E726 /* CoreGraphics.framework */; };
		6230165A1B38D4860025E726 /* CoreLocation.framework in Frameworks */ = {isa = PBXBuildFile; fileRef = 623016591B38D4860025E726 /* CoreLocation.framework */; };
		6230165C1B38D4900025E726 /* MobileCoreServices.framework in Frameworks */ = {isa = PBXBuildFile; fileRef = 6230165B1B38D4900025E726 /* MobileCoreServices.framework */; };
		6230165E1B38D49C0025E726 /* QuartzCore.framework in Frameworks */ = {isa = PBXBuildFile; fileRef = 6230165D1B38D49C0025E726 /* QuartzCore.framework */; };
		623016601B38D4A60025E726 /* Security.framework in Frameworks */ = {isa = PBXBuildFile; fileRef = 6230165F1B38D4A60025E726 /* Security.framework */; };
		623016621B38D4B40025E726 /* StoreKit.framework in Frameworks */ = {isa = PBXBuildFile; fileRef = 623016611B38D4B40025E726 /* StoreKit.framework */; };
		623016641B38D4C50025E726 /* SystemConfiguration.framework in Frameworks */ = {isa = PBXBuildFile; fileRef = 623016631B38D4C50025E726 /* SystemConfiguration.framework */; };
		623016661B38D4D00025E726 /* libz.dylib in Frameworks */ = {isa = PBXBuildFile; fileRef = 623016651B38D4D00025E726 /* libz.dylib */; };
		623016681B38D4DD0025E726 /* libsqlite3.dylib in Frameworks */ = {isa = PBXBuildFile; fileRef = 623016671B38D4DD0025E726 /* libsqlite3.dylib */; };
		6230166A1B38D4EF0025E726 /* Accounts.framework in Frameworks */ = {isa = PBXBuildFile; fileRef = 623016691B38D4EF0025E726 /* Accounts.framework */; };
		6230166C1B38D4F60025E726 /* Social.framework in Frameworks */ = {isa = PBXBuildFile; fileRef = 6230166B1B38D4F60025E726 /* Social.framework */; };
		6230166E1B39BD950025E726 /* SCLAlertView.swift in Sources */ = {isa = PBXBuildFile; fileRef = 6230166D1B39BD950025E726 /* SCLAlertView.swift */; };
		623016701B3B6AD00025E726 /* OutgoingListViewController.swift in Sources */ = {isa = PBXBuildFile; fileRef = 6230166F1B3B6AD00025E726 /* OutgoingListViewController.swift */; };
		623016721B3B6B500025E726 /* OutgoingDetailViewController.swift in Sources */ = {isa = PBXBuildFile; fileRef = 623016711B3B6B500025E726 /* OutgoingDetailViewController.swift */; };
		623016E21B3BD41B0025E726 /* Main.storyboard in Resources */ = {isa = PBXBuildFile; fileRef = 623016E11B3BD41B0025E726 /* Main.storyboard */; };
		623016E31B3BD41B0025E726 /* Main.storyboard in Resources */ = {isa = PBXBuildFile; fileRef = 623016E11B3BD41B0025E726 /* Main.storyboard */; };
		62A42F641B34CDFE00A2E194 /* AppDelegate.swift in Sources */ = {isa = PBXBuildFile; fileRef = 62A42F631B34CDFE00A2E194 /* AppDelegate.swift */; };
		62A42F6D1B34CDFE00A2E194 /* Images.xcassets in Resources */ = {isa = PBXBuildFile; fileRef = 62A42F6C1B34CDFE00A2E194 /* Images.xcassets */; };
		62A42F701B34CDFE00A2E194 /* LaunchScreen.xib in Resources */ = {isa = PBXBuildFile; fileRef = 62A42F6E1B34CDFE00A2E194 /* LaunchScreen.xib */; };
		62A42F7C1B34CDFE00A2E194 /* __Tests.swift in Sources */ = {isa = PBXBuildFile; fileRef = 62A42F7B1B34CDFE00A2E194 /* __Tests.swift */; };
		62A42F861B34D12A00A2E194 /* InfoViewController.swift in Sources */ = {isa = PBXBuildFile; fileRef = 62A42F851B34D12A00A2E194 /* InfoViewController.swift */; };
		62C295FA1B35181A00557764 /* data.db in Resources */ = {isa = PBXBuildFile; fileRef = 62C295F91B35181A00557764 /* data.db */; };
		62C295FC1B35183700557764 /* libsqlite3.0.dylib in Frameworks */ = {isa = PBXBuildFile; fileRef = 62C295FB1B35183700557764 /* libsqlite3.0.dylib */; };
		62C296001B35191000557764 /* SQLiteDB.swift in Sources */ = {isa = PBXBuildFile; fileRef = 62C295FF1B35191000557764 /* SQLiteDB.swift */; };
		62C296021B35191B00557764 /* String-Extras.swift in Sources */ = {isa = PBXBuildFile; fileRef = 62C296011B35191B00557764 /* String-Extras.swift */; };
		62D91D341B34D59F00316A01 /* AddViewController.swift in Sources */ = {isa = PBXBuildFile; fileRef = 62D91D331B34D59F00316A01 /* AddViewController.swift */; };
		62D91D361B34DCA800316A01 /* OutgoingManager.swift in Sources */ = {isa = PBXBuildFile; fileRef = 62D91D351B34DCA800316A01 /* OutgoingManager.swift */; };
		62D91D381B34E1B800316A01 /* OutgoingCell.swift in Sources */ = {isa = PBXBuildFile; fileRef = 62D91D371B34E1B800316A01 /* OutgoingCell.swift */; };
/* End PBXBuildFile section */

/* Begin PBXContainerItemProxy section */
		62A42F761B34CDFE00A2E194 /* PBXContainerItemProxy */ = {
			isa = PBXContainerItemProxy;
			containerPortal = 62A42F561B34CDFE00A2E194 /* Project object */;
			proxyType = 1;
			remoteGlobalIDString = 62A42F5D1B34CDFE00A2E194;
			remoteInfo = "记账";
		};
/* End PBXContainerItemProxy section */

/* Begin PBXFileReference section */
		623016471B38D41F0025E726 /* Bolts.framework */ = {isa = PBXFileReference; lastKnownFileType = wrapper.framework; path = Bolts.framework; sourceTree = "<group>"; };
		623016481B38D41F0025E726 /* Parse.framework */ = {isa = PBXFileReference; lastKnownFileType = wrapper.framework; path = Parse.framework; sourceTree = "<group>"; };
		623016491B38D41F0025E726 /* ParseCrashReporting.framework */ = {isa = PBXFileReference; lastKnownFileType = wrapper.framework; path = ParseCrashReporting.framework; sourceTree = "<group>"; };
		6230164A1B38D41F0025E726 /* ParseFacebookUtils.framework */ = {isa = PBXFileReference; lastKnownFileType = wrapper.framework; path = ParseFacebookUtils.framework; sourceTree = "<group>"; };
		6230164B1B38D41F0025E726 /* ParseFacebookUtilsV4.framework */ = {isa = PBXFileReference; lastKnownFileType = wrapper.framework; path = ParseFacebookUtilsV4.framework; sourceTree = "<group>"; };
		6230164C1B38D41F0025E726 /* ParseUI.framework */ = {isa = PBXFileReference; lastKnownFileType = wrapper.framework; path = ParseUI.framework; sourceTree = "<group>"; };
		623016531B38D46B0025E726 /* AudioToolbox.framework */ = {isa = PBXFileReference; lastKnownFileType = wrapper.framework; name = AudioToolbox.framework; path = System/Library/Frameworks/AudioToolbox.framework; sourceTree = SDKROOT; };
		623016551B38D4740025E726 /* CFNetwork.framework */ = {isa = PBXFileReference; lastKnownFileType = wrapper.framework; name = CFNetwork.framework; path = System/Library/Frameworks/CFNetwork.framework; sourceTree = SDKROOT; };
		623016571B38D47D0025E726 /* CoreGraphics.framework */ = {isa = PBXFileReference; lastKnownFileType = wrapper.framework; name = CoreGraphics.framework; path = System/Library/Frameworks/CoreGraphics.framework; sourceTree = SDKROOT; };
		623016591B38D4860025E726 /* CoreLocation.framework */ = {isa = PBXFileReference; lastKnownFileType = wrapper.framework; name = CoreLocation.framework; path = System/Library/Frameworks/CoreLocation.framework; sourceTree = SDKROOT; };
		6230165B1B38D4900025E726 /* MobileCoreServices.framework */ = {isa = PBXFileReference; lastKnownFileType = wrapper.framework; name = MobileCoreServices.framework; path = System/Library/Frameworks/MobileCoreServices.framework; sourceTree = SDKROOT; };
		6230165D1B38D49C0025E726 /* QuartzCore.framework */ = {isa = PBXFileReference; lastKnownFileType = wrapper.framework; name = QuartzCore.framework; path = System/Library/Frameworks/QuartzCore.framework; sourceTree = SDKROOT; };
		6230165F1B38D4A60025E726 /* Security.framework */ = {isa = PBXFileReference; lastKnownFileType = wrapper.framework; name = Security.framework; path = System/Library/Frameworks/Security.framework; sourceTree = SDKROOT; };
		623016611B38D4B40025E726 /* StoreKit.framework */ = {isa = PBXFileReference; lastKnownFileType = wrapper.framework; name = StoreKit.framework; path = System/Library/Frameworks/StoreKit.framework; sourceTree = SDKROOT; };
		623016631B38D4C50025E726 /* SystemConfiguration.framework */ = {isa = PBXFileReference; lastKnownFileType = wrapper.framework; name = SystemConfiguration.framework; path = System/Library/Frameworks/SystemConfiguration.framework; sourceTree = SDKROOT; };
		623016651B38D4D00025E726 /* libz.dylib */ = {isa = PBXFileReference; lastKnownFileType = "compiled.mach-o.dylib"; name = libz.dylib; path = usr/lib/libz.dylib; sourceTree = SDKROOT; };
		623016671B38D4DD0025E726 /* libsqlite3.dylib */ = {isa = PBXFileReference; lastKnownFileType = "compiled.mach-o.dylib"; name = libsqlite3.dylib; path = usr/lib/libsqlite3.dylib; sourceTree = SDKROOT; };
		623016691B38D4EF0025E726 /* Accounts.framework */ = {isa = PBXFileReference; lastKnownFileType = wrapper.framework; name = Accounts.framework; path = System/Library/Frameworks/Accounts.framework; sourceTree = SDKROOT; };
		6230166B1B38D4F60025E726 /* Social.framework */ = {isa = PBXFileReference; lastKnownFileType = wrapper.framework; name = Social.framework; path = System/Library/Frameworks/Social.framework; sourceTree = SDKROOT; };
		6230166D1B39BD950025E726 /* SCLAlertView.swift */ = {isa = PBXFileReference; fileEncoding = 4; lastKnownFileType = sourcecode.swift; path = SCLAlertView.swift; sourceTree = "<group>"; };
		6230166F1B3B6AD00025E726 /* OutgoingListViewController.swift */ = {isa = PBXFileReference; fileEncoding = 4; lastKnownFileType = sourcecode.swift; path = OutgoingListViewController.swift; sourceTree = "<group>"; };
		623016711B3B6B500025E726 /* OutgoingDetailViewController.swift */ = {isa = PBXFileReference; fileEncoding = 4; lastKnownFileType = sourcecode.swift; path = OutgoingDetailViewController.swift; sourceTree = "<group>"; };
		623016E11B3BD41B0025E726 /* Main.storyboard */ = {isa = PBXFileReference; fileEncoding = 4; lastKnownFileType = file.storyboard; path = Main.storyboard; sourceTree = "<group>"; };
		62A42F5E1B34CDFE00A2E194 /* 记账.app */ = {isa = PBXFileReference; explicitFileType = wrapper.application; includeInIndex = 0; path = "记账.app"; sourceTree = BUILT_PRODUCTS_DIR; };
		62A42F621B34CDFE00A2E194 /* Info.plist */ = {isa = PBXFileReference; lastKnownFileType = text.plist.xml; path = Info.plist; sourceTree = "<group>"; };
		62A42F631B34CDFE00A2E194 /* AppDelegate.swift */ = {isa = PBXFileReference; lastKnownFileType = sourcecode.swift; path = AppDelegate.swift; sourceTree = "<group>"; };
		62A42F6C1B34CDFE00A2E194 /* Images.xcassets */ = {isa = PBXFileReference; lastKnownFileType = folder.assetcatalog; path = Images.xcassets; sourceTree = "<group>"; };
		62A42F6F1B34CDFE00A2E194 /* Base */ = {isa = PBXFileReference; lastKnownFileType = file.xib; name = Base; path = Base.lproj/LaunchScreen.xib; sourceTree = "<group>"; };
		62A42F751B34CDFE00A2E194 /* 记账Tests.xctest */ = {isa = PBXFileReference; explicitFileType = wrapper.cfbundle; includeInIndex = 0; path = "记账Tests.xctest"; sourceTree = BUILT_PRODUCTS_DIR; };
		62A42F7A1B34CDFE00A2E194 /* Info.plist */ = {isa = PBXFileReference; lastKnownFileType = text.plist.xml; path = Info.plist; sourceTree = "<group>"; };
		62A42F7B1B34CDFE00A2E194 /* __Tests.swift */ = {isa = PBXFileReference; lastKnownFileType = sourcecode.swift; path = __Tests.swift; sourceTree = "<group>"; };
		62A42F851B34D12A00A2E194 /* InfoViewController.swift */ = {isa = PBXFileReference; fileEncoding = 4; lastKnownFileType = sourcecode.swift; path = InfoViewController.swift; sourceTree = "<group>"; };
		62C295F91B35181A00557764 /* data.db */ = {isa = PBXFileReference; lastKnownFileType = file; path = data.db; sourceTree = "<group>"; };
		62C295FB1B35183700557764 /* libsqlite3.0.dylib */ = {isa = PBXFileReference; lastKnownFileType = "compiled.mach-o.dylib"; name = libsqlite3.0.dylib; path = usr/lib/libsqlite3.0.dylib; sourceTree = SDKROOT; };
		62C295FD1B35188600557764 /* Bridging-Header.h */ = {isa = PBXFileReference; fileEncoding = 4; lastKnownFileType = sourcecode.c.h; path = "Bridging-Header.h"; sourceTree = "<group>"; };
		62C295FF1B35191000557764 /* SQLiteDB.swift */ = {isa = PBXFileReference; fileEncoding = 4; lastKnownFileType = sourcecode.swift; path = SQLiteDB.swift; sourceTree = "<group>"; };
		62C296011B35191B00557764 /* String-Extras.swift */ = {isa = PBXFileReference; fileEncoding = 4; lastKnownFileType = sourcecode.swift; path = "String-Extras.swift"; sourceTree = "<group>"; };
		62D91D331B34D59F00316A01 /* AddViewController.swift */ = {isa = PBXFileReference; fileEncoding = 4; lastKnownFileType = sourcecode.swift; path = AddViewController.swift; sourceTree = "<group>"; };
		62D91D351B34DCA800316A01 /* OutgoingManager.swift */ = {isa = PBXFileReference; fileEncoding = 4; lastKnownFileType = sourcecode.swift; path = OutgoingManager.swift; sourceTree = "<group>"; };
		62D91D371B34E1B800316A01 /* OutgoingCell.swift */ = {isa = PBXFileReference; fileEncoding = 4; lastKnownFileType = sourcecode.swift; path = OutgoingCell.swift; sourceTree = "<group>"; };
/* End PBXFileReference section */

/* Begin PBXFrameworksBuildPhase section */
		62A42F5B1B34CDFE00A2E194 /* Frameworks */ = {
			isa = PBXFrameworksBuildPhase;
			buildActionMask = 2147483647;
			files = (
				6230166C1B38D4F60025E726 /* Social.framework in Frameworks */,
				6230166A1B38D4EF0025E726 /* Accounts.framework in Frameworks */,
				623016681B38D4DD0025E726 /* libsqlite3.dylib in Frameworks */,
				623016661B38D4D00025E726 /* libz.dylib in Frameworks */,
				623016641B38D4C50025E726 /* SystemConfiguration.framework in Frameworks */,
				623016621B38D4B40025E726 /* StoreKit.framework in Frameworks */,
				623016601B38D4A60025E726 /* Security.framework in Frameworks */,
				6230165E1B38D49C0025E726 /* QuartzCore.framework in Frameworks */,
				6230165C1B38D4900025E726 /* MobileCoreServices.framework in Frameworks */,
				6230165A1B38D4860025E726 /* CoreLocation.framework in Frameworks */,
				623016581B38D47D0025E726 /* CoreGraphics.framework in Frameworks */,
				623016561B38D4740025E726 /* CFNetwork.framework in Frameworks */,
				623016541B38D46B0025E726 /* AudioToolbox.framework in Frameworks */,
				62C295FC1B35183700557764 /* libsqlite3.0.dylib in Frameworks */,
				6230164E1B38D41F0025E726 /* Parse.framework in Frameworks */,
				623016521B38D41F0025E726 /* ParseUI.framework in Frameworks */,
				623016511B38D41F0025E726 /* ParseFacebookUtilsV4.framework in Frameworks */,
				6230164D1B38D41F0025E726 /* Bolts.framework in Frameworks */,
				623016501B38D41F0025E726 /* ParseFacebookUtils.framework in Frameworks */,
				6230164F1B38D41F0025E726 /* ParseCrashReporting.framework in Frameworks */,
			);
			runOnlyForDeploymentPostprocessing = 0;
		};
		62A42F721B34CDFE00A2E194 /* Frameworks */ = {
			isa = PBXFrameworksBuildPhase;
			buildActionMask = 2147483647;
			files = (
			);
			runOnlyForDeploymentPostprocessing = 0;
		};
/* End PBXFrameworksBuildPhase section */

/* Begin PBXGroup section */
		623016461B38D41F0025E726 /* frameworks */ = {
			isa = PBXGroup;
			children = (
				6230166B1B38D4F60025E726 /* Social.framework */,
				623016691B38D4EF0025E726 /* Accounts.framework */,
				623016631B38D4C50025E726 /* SystemConfiguration.framework */,
				623016611B38D4B40025E726 /* StoreKit.framework */,
				6230165F1B38D4A60025E726 /* Security.framework */,
				6230165D1B38D49C0025E726 /* QuartzCore.framework */,
				6230165B1B38D4900025E726 /* MobileCoreServices.framework */,
				623016591B38D4860025E726 /* CoreLocation.framework */,
				623016571B38D47D0025E726 /* CoreGraphics.framework */,
				623016551B38D4740025E726 /* CFNetwork.framework */,
				623016531B38D46B0025E726 /* AudioToolbox.framework */,
				623016471B38D41F0025E726 /* Bolts.framework */,
				623016481B38D41F0025E726 /* Parse.framework */,
				623016491B38D41F0025E726 /* ParseCrashReporting.framework */,
				6230164A1B38D41F0025E726 /* ParseFacebookUtils.framework */,
				6230164B1B38D41F0025E726 /* ParseFacebookUtilsV4.framework */,
				6230164C1B38D41F0025E726 /* ParseUI.framework */,
			);
			name = frameworks;
			path = "parse-library-1.7.4";
			sourceTree = "<group>";
		};
		623016731B3B6B650025E726 /* resource */ = {
			isa = PBXGroup;
			children = (
				6230166D1B39BD950025E726 /* SCLAlertView.swift */,
			);
			name = resource;
			sourceTree = "<group>";
		};
		62A42F551B34CDFE00A2E194 = {
			isa = PBXGroup;
			children = (
				623016671B38D4DD0025E726 /* libsqlite3.dylib */,
				623016651B38D4D00025E726 /* libz.dylib */,
				62C295FB1B35183700557764 /* libsqlite3.0.dylib */,
				62C295F91B35181A00557764 /* data.db */,
				62C295FD1B35188600557764 /* Bridging-Header.h */,
				623016461B38D41F0025E726 /* frameworks */,
				62A42F601B34CDFE00A2E194 /* 记账 */,
				62A42F781B34CDFE00A2E194 /* 记账Tests */,
				62A42F5F1B34CDFE00A2E194 /* Products */,
			);
			sourceTree = "<group>";
		};
		62A42F5F1B34CDFE00A2E194 /* Products */ = {
			isa = PBXGroup;
			children = (
				62A42F5E1B34CDFE00A2E194 /* 记账.app */,
				62A42F751B34CDFE00A2E194 /* 记账Tests.xctest */,
			);
			name = Products;
			sourceTree = "<group>";
		};
		62A42F601B34CDFE00A2E194 /* 记账 */ = {
			isa = PBXGroup;
			children = (
				623016731B3B6B650025E726 /* resource */,
				62C295FE1B3518FB00557764 /* database */,
				62A42F631B34CDFE00A2E194 /* AppDelegate.swift */,
				62D91D371B34E1B800316A01 /* OutgoingCell.swift */,
				62D91D351B34DCA800316A01 /* OutgoingManager.swift */,
				62D91D331B34D59F00316A01 /* AddViewController.swift */,
				6230166F1B3B6AD00025E726 /* OutgoingListViewController.swift */,
				623016711B3B6B500025E726 /* OutgoingDetailViewController.swift */,
				62A42F851B34D12A00A2E194 /* InfoViewController.swift */,
				623016E11B3BD41B0025E726 /* Main.storyboard */,
				62A42F6C1B34CDFE00A2E194 /* Images.xcassets */,
				62A42F6E1B34CDFE00A2E194 /* LaunchScreen.xib */,
				62A42F611B34CDFE00A2E194 /* Supporting Files */,
			);
			path = "记账";
			sourceTree = "<group>";
		};
		62A42F611B34CDFE00A2E194 /* Supporting Files */ = {
			isa = PBXGroup;
			children = (
				62A42F621B34CDFE00A2E194 /* Info.plist */,
			);
			name = "Supporting Files";
			sourceTree = "<group>";
		};
		62A42F781B34CDFE00A2E194 /* 记账Tests */ = {
			isa = PBXGroup;
			children = (
				62A42F7B1B34CDFE00A2E194 /* __Tests.swift */,
				62A42F791B34CDFE00A2E194 /* Supporting Files */,
			);
			path = "记账Tests";
			sourceTree = "<group>";
		};
		62A42F791B34CDFE00A2E194 /* Supporting Files */ = {
			isa = PBXGroup;
			children = (
				62A42F7A1B34CDFE00A2E194 /* Info.plist */,
			);
			name = "Supporting Files";
			sourceTree = "<group>";
		};
		62C295FE1B3518FB00557764 /* database */ = {
			isa = PBXGroup;
			children = (
				62C296011B35191B00557764 /* String-Extras.swift */,
				62C295FF1B35191000557764 /* SQLiteDB.swift */,
			);
			name = database;
			sourceTree = "<group>";
		};
/* End PBXGroup section */

/* Begin PBXNativeTarget section */
		62A42F5D1B34CDFE00A2E194 /* 记账 */ = {
			isa = PBXNativeTarget;
			buildConfigurationList = 62A42F7F1B34CDFE00A2E194 /* Build configuration list for PBXNativeTarget "记账" */;
			buildPhases = (
				62A42F5A1B34CDFE00A2E194 /* Sources */,
				62A42F5B1B34CDFE00A2E194 /* Frameworks */,
				62A42F5C1B34CDFE00A2E194 /* Resources */,
			);
			buildRules = (
			);
			dependencies = (
			);
			name = "记账";
			productName = "记账";
			productReference = 62A42F5E1B34CDFE00A2E194 /* 记账.app */;
			productType = "com.apple.product-type.application";
		};
		62A42F741B34CDFE00A2E194 /* 记账Tests */ = {
			isa = PBXNativeTarget;
			buildConfigurationList = 62A42F821B34CDFE00A2E194 /* Build configuration list for PBXNativeTarget "记账Tests" */;
			buildPhases = (
				62A42F711B34CDFE00A2E194 /* Sources */,
				62A42F721B34CDFE00A2E194 /* Frameworks */,
				62A42F731B34CDFE00A2E194 /* Resources */,
			);
			buildRules = (
			);
			dependencies = (
				62A42F771B34CDFE00A2E194 /* PBXTargetDependency */,
			);
			name = "记账Tests";
			productName = "记账Tests";
			productReference = 62A42F751B34CDFE00A2E194 /* 记账Tests.xctest */;
			productType = "com.apple.product-type.bundle.unit-test";
		};
/* End PBXNativeTarget section */

/* Begin PBXProject section */
		62A42F561B34CDFE00A2E194 /* Project object */ = {
			isa = PBXProject;
			attributes = {
				LastUpgradeCheck = 0630;
				ORGANIZATIONNAME = "刘炳辰";
				TargetAttributes = {
					62A42F5D1B34CDFE00A2E194 = {
						CreatedOnToolsVersion = 6.3.2;
					};
					62A42F741B34CDFE00A2E194 = {
						CreatedOnToolsVersion = 6.3.2;
						TestTargetID = 62A42F5D1B34CDFE00A2E194;
					};
				};
			};
			buildConfigurationList = 62A42F591B34CDFE00A2E194 /* Build configuration list for PBXProject "记账" */;
			compatibilityVersion = "Xcode 3.2";
			developmentRegion = English;
			hasScannedForEncodings = 0;
			knownRegions = (
				en,
				Base,
			);
			mainGroup = 62A42F551B34CDFE00A2E194;
			productRefGroup = 62A42F5F1B34CDFE00A2E194 /* Products */;
			projectDirPath = "";
			projectRoot = "";
			targets = (
				62A42F5D1B34CDFE00A2E194 /* 记账 */,
				62A42F741B34CDFE00A2E194 /* 记账Tests */,
			);
		};
/* End PBXProject section */

/* Begin PBXResourcesBuildPhase section */
		62A42F5C1B34CDFE00A2E194 /* Resources */ = {
			isa = PBXResourcesBuildPhase;
			buildActionMask = 2147483647;
			files = (
				62C295FA1B35181A00557764 /* data.db in Resources */,
				62A42F701B34CDFE00A2E194 /* LaunchScreen.xib in Resources */,
				62A42F6D1B34CDFE00A2E194 /* Images.xcassets in Resources */,
				623016E21B3BD41B0025E726 /* Main.storyboard in Resources */,
			);
			runOnlyForDeploymentPostprocessing = 0;
		};
		62A42F731B34CDFE00A2E194 /* Resources */ = {
			isa = PBXResourcesBuildPhase;
			buildActionMask = 2147483647;
			files = (
				623016E31B3BD41B0025E726 /* Main.storyboard in Resources */,
			);
			runOnlyForDeploymentPostprocessing = 0;
		};
/* End PBXResourcesBuildPhase section */

/* Begin PBXSourcesBuildPhase section */
		62A42F5A1B34CDFE00A2E194 /* Sources */ = {
			isa = PBXSourcesBuildPhase;
			buildActionMask = 2147483647;
			files = (
				62D91D361B34DCA800316A01 /* OutgoingManager.swift in Sources */,
				62C296021B35191B00557764 /* String-Extras.swift in Sources */,
				62A42F641B34CDFE00A2E194 /* AppDelegate.swift in Sources */,
				623016721B3B6B500025E726 /* OutgoingDetailViewController.swift in Sources */,
				623016701B3B6AD00025E726 /* OutgoingListViewController.swift in Sources */,
				62A42F861B34D12A00A2E194 /* InfoViewController.swift in Sources */,
				6230166E1B39BD950025E726 /* SCLAlertView.swift in Sources */,
				62D91D381B34E1B800316A01 /* OutgoingCell.swift in Sources */,
				62D91D341B34D59F00316A01 /* AddViewController.swift in Sources */,
				62C296001B35191000557764 /* SQLiteDB.swift in Sources */,
			);
			runOnlyForDeploymentPostprocessing = 0;
		};
		62A42F711B34CDFE00A2E194 /* Sources */ = {
			isa = PBXSourcesBuildPhase;
			buildActionMask = 2147483647;
			files = (
				62A42F7C1B34CDFE00A2E194 /* __Tests.swift in Sources */,
			);
			runOnlyForDeploymentPostprocessing = 0;
		};
/* End PBXSourcesBuildPhase section */

/* Begin PBXTargetDependency section */
		62A42F771B34CDFE00A2E194 /* PBXTargetDependency */ = {
			isa = PBXTargetDependency;
			target = 62A42F5D1B34CDFE00A2E194 /* 记账 */;
			targetProxy = 62A42F761B34CDFE00A2E194 /* PBXContainerItemProxy */;
		};
/* End PBXTargetDependency section */

/* Begin PBXVariantGroup section */
		62A42F6E1B34CDFE00A2E194 /* LaunchScreen.xib */ = {
			isa = PBXVariantGroup;
			children = (
				62A42F6F1B34CDFE00A2E194 /* Base */,
			);
			name = LaunchScreen.xib;
			sourceTree = "<group>";
		};
/* End PBXVariantGroup section */

/* Begin XCBuildConfiguration section */
		62A42F7D1B34CDFE00A2E194 /* Debug */ = {
			isa = XCBuildConfiguration;
			buildSettings = {
				ALWAYS_SEARCH_USER_PATHS = NO;
				CLANG_CXX_LANGUAGE_STANDARD = "gnu++0x";
				CLANG_CXX_LIBRARY = "libc++";
				CLANG_ENABLE_MODULES = YES;
				CLANG_ENABLE_OBJC_ARC = YES;
				CLANG_WARN_BOOL_CONVERSION = YES;
				CLANG_WARN_CONSTANT_CONVERSION = YES;
				CLANG_WARN_DIRECT_OBJC_ISA_USAGE = YES_ERROR;
				CLANG_WARN_EMPTY_BODY = YES;
				CLANG_WARN_ENUM_CONVERSION = YES;
				CLANG_WARN_INT_CONVERSION = YES;
				CLANG_WARN_OBJC_ROOT_CLASS = YES_ERROR;
				CLANG_WARN_UNREACHABLE_CODE = YES;
				CLANG_WARN__DUPLICATE_METHOD_MATCH = YES;
				"CODE_SIGN_IDENTITY[sdk=iphoneos*]" = "iPhone Developer";
				COPY_PHASE_STRIP = NO;
				DEBUG_INFORMATION_FORMAT = "dwarf-with-dsym";
				ENABLE_STRICT_OBJC_MSGSEND = YES;
				GCC_C_LANGUAGE_STANDARD = gnu99;
				GCC_DYNAMIC_NO_PIC = NO;
				GCC_NO_COMMON_BLOCKS = YES;
				GCC_OPTIMIZATION_LEVEL = 0;
				GCC_PREPROCESSOR_DEFINITIONS = (
					"DEBUG=1",
					"$(inherited)",
				);
				GCC_SYMBOLS_PRIVATE_EXTERN = NO;
				GCC_WARN_64_TO_32_BIT_CONVERSION = YES;
				GCC_WARN_ABOUT_RETURN_TYPE = YES_ERROR;
				GCC_WARN_UNDECLARED_SELECTOR = YES;
				GCC_WARN_UNINITIALIZED_AUTOS = YES_AGGRESSIVE;
				GCC_WARN_UNUSED_FUNCTION = YES;
				GCC_WARN_UNUSED_VARIABLE = YES;
				IPHONEOS_DEPLOYMENT_TARGET = 8.3;
				MTL_ENABLE_DEBUG_INFO = YES;
				ONLY_ACTIVE_ARCH = YES;
				SDKROOT = iphoneos;
				SWIFT_OPTIMIZATION_LEVEL = "-Onone";
				TARGETED_DEVICE_FAMILY = "1,2";
			};
			name = Debug;
		};
		62A42F7E1B34CDFE00A2E194 /* Release */ = {
			isa = XCBuildConfiguration;
			buildSettings = {
				ALWAYS_SEARCH_USER_PATHS = NO;
				CLANG_CXX_LANGUAGE_STANDARD = "gnu++0x";
				CLANG_CXX_LIBRARY = "libc++";
				CLANG_ENABLE_MODULES = YES;
				CLANG_ENABLE_OBJC_ARC = YES;
				CLANG_WARN_BOOL_CONVERSION = YES;
				CLANG_WARN_CONSTANT_CONVERSION = YES;
				CLANG_WARN_DIRECT_OBJC_ISA_USAGE = YES_ERROR;
				CLANG_WARN_EMPTY_BODY = YES;
				CLANG_WARN_ENUM_CONVERSION = YES;
				CLANG_WARN_INT_CONVERSION = YES;
				CLANG_WARN_OBJC_ROOT_CLASS = YES_ERROR;
				CLANG_WARN_UNREACHABLE_CODE = YES;
				CLANG_WARN__DUPLICATE_METHOD_MATCH = YES;
				"CODE_SIGN_IDENTITY[sdk=iphoneos*]" = "iPhone Developer";
				COPY_PHASE_STRIP = NO;
				DEBUG_INFORMATION_FORMAT = "dwarf-with-dsym";
				ENABLE_NS_ASSERTIONS = NO;
				ENABLE_STRICT_OBJC_MSGSEND = YES;
				GCC_C_LANGUAGE_STANDARD = gnu99;
				GCC_NO_COMMON_BLOCKS = YES;
				GCC_WARN_64_TO_32_BIT_CONVERSION = YES;
				GCC_WARN_ABOUT_RETURN_TYPE = YES_ERROR;
				GCC_WARN_UNDECLARED_SELECTOR = YES;
				GCC_WARN_UNINITIALIZED_AUTOS = YES_AGGRESSIVE;
				GCC_WARN_UNUSED_FUNCTION = YES;
				GCC_WARN_UNUSED_VARIABLE = YES;
				IPHONEOS_DEPLOYMENT_TARGET = 8.3;
				MTL_ENABLE_DEBUG_INFO = NO;
				SDKROOT = iphoneos;
				TARGETED_DEVICE_FAMILY = "1,2";
				VALIDATE_PRODUCT = YES;
			};
			name = Release;
		};
		62A42F801B34CDFE00A2E194 /* Debug */ = {
			isa = XCBuildConfiguration;
			buildSettings = {
				ASSETCATALOG_COMPILER_APPICON_NAME = AppIcon;
				FRAMEWORK_SEARCH_PATHS = (
					"$(inherited)",
					"$(PROJECT_DIR)/parse-library-1.7.4",
				);
				INFOPLIST_FILE = "记账/Info.plist";
				IPHONEOS_DEPLOYMENT_TARGET = 8.0;
				LD_RUNPATH_SEARCH_PATHS = "$(inherited) @executable_path/Frameworks";
				PRODUCT_NAME = "$(TARGET_NAME)";
				PROVISIONING_PROFILE = "0228d862-5d4a-41bf-b28b-886d9457b44b";
				SDKROOT = iphoneos8.3;
				SWIFT_OBJC_BRIDGING_HEADER = "Bridging-Header.h";
			};
			name = Debug;
		};
		62A42F811B34CDFE00A2E194 /* Release */ = {
			isa = XCBuildConfiguration;
			buildSettings = {
				ASSETCATALOG_COMPILER_APPICON_NAME = AppIcon;
				FRAMEWORK_SEARCH_PATHS = (
					"$(inherited)",
					"$(PROJECT_DIR)/parse-library-1.7.4",
				);
				INFOPLIST_FILE = "记账/Info.plist";
				IPHONEOS_DEPLOYMENT_TARGET = 8.0;
				LD_RUNPATH_SEARCH_PATHS = "$(inherited) @executable_path/Frameworks";
				PRODUCT_NAME = "$(TARGET_NAME)";
				PROVISIONING_PROFILE = "0228d862-5d4a-41bf-b28b-886d9457b44b";
				SDKROOT = iphoneos8.3;
				SWIFT_OBJC_BRIDGING_HEADER = "Bridging-Header.h";
			};
			name = Release;
		};
		62A42F831B34CDFE00A2E194 /* Debug */ = {
			isa = XCBuildConfiguration;
			buildSettings = {
				BUNDLE_LOADER = "$(TEST_HOST)";
				FRAMEWORK_SEARCH_PATHS = (
					"$(SDKROOT)/Developer/Library/Frameworks",
					"$(inherited)",
				);
				GCC_PREPROCESSOR_DEFINITIONS = (
					"DEBUG=1",
					"$(inherited)",
				);
				INFOPLIST_FILE = "记账Tests/Info.plist";
				LD_RUNPATH_SEARCH_PATHS = "$(inherited) @executable_path/Frameworks @loader_path/Frameworks";
				PRODUCT_NAME = "$(TARGET_NAME)";
				TEST_HOST = "$(BUILT_PRODUCTS_DIR)/记账.app/记账";
			};
			name = Debug;
		};
		62A42F841B34CDFE00A2E194 /* Release */ = {
			isa = XCBuildConfiguration;
			buildSettings = {
				BUNDLE_LOADER = "$(TEST_HOST)";
				FRAMEWORK_SEARCH_PATHS = (
					"$(SDKROOT)/Developer/Library/Frameworks",
					"$(inherited)",
				);
				INFOPLIST_FILE = "记账Tests/Info.plist";
				LD_RUNPATH_SEARCH_PATHS = "$(inherited) @executable_path/Frameworks @loader_path/Frameworks";
				PRODUCT_NAME = "$(TARGET_NAME)";
				TEST_HOST = "$(BUILT_PRODUCTS_DIR)/记账.app/记账";
			};
			name = Release;
		};
/* End XCBuildConfiguration section */

/* Begin XCConfigurationList section */
		62A42F591B34CDFE00A2E194 /* Build configuration list for PBXProject "记账" */ = {
			isa = XCConfigurationList;
			buildConfigurations = (
				62A42F7D1B34CDFE00A2E194 /* Debug */,
				62A42F7E1B34CDFE00A2E194 /* Release */,
			);
			defaultConfigurationIsVisible = 0;
			defaultConfigurationName = Release;
		};
		62A42F7F1B34CDFE00A2E194 /* Build configuration list for PBXNativeTarget "记账" */ = {
			isa = XCConfigurationList;
			buildConfigurations = (
				62A42F801B34CDFE00A2E194 /* Debug */,
				62A42F811B34CDFE00A2E194 /* Release */,
			);
			defaultConfigurationIsVisible = 0;
			defaultConfigurationName = Release;
		};
		62A42F821B34CDFE00A2E194 /* Build configuration list for PBXNativeTarget "记账Tests" */ = {
			isa = XCConfigurationList;
			buildConfigurations = (
				62A42F831B34CDFE00A2E194 /* Debug */,
				62A42F841B34CDFE00A2E194 /* Release */,
			);
			defaultConfigurationIsVisible = 0;
			defaultConfigurationName = Release;
		};
/* End XCConfigurationList section */
	};
	rootObject = 62A42F561B34CDFE00A2E194 /* Project object */;
}
